// !$*UTF8*$!
{
	archiveVersion = 1;
	classes = {
	};
	objectVersion = 48;
	objects = {

/* Begin PBXBuildFile section */
		2F0DCAA22171E28500B54B55 /* AppDelegate.m in Sources */ = {isa = PBXBuildFile; fileRef = 2F0DCAA12171E28500B54B55 /* AppDelegate.m */; };
		2F0DCAA52171E28500B54B55 /* ViewController.m in Sources */ = {isa = PBXBuildFile; fileRef = 2F0DCAA42171E28500B54B55 /* ViewController.m */; };
		2F0DCAA82171E28500B54B55 /* Main.storyboard in Resources */ = {isa = PBXBuildFile; fileRef = 2F0DCAA62171E28500B54B55 /* Main.storyboard */; };
		2F0DCAAA2171E28500B54B55 /* Assets.xcassets in Resources */ = {isa = PBXBuildFile; fileRef = 2F0DCAA92171E28500B54B55 /* Assets.xcassets */; };
		2F0DCAAD2171E28500B54B55 /* LaunchScreen.storyboard in Resources */ = {isa = PBXBuildFile; fileRef = 2F0DCAAB2171E28500B54B55 /* LaunchScreen.storyboard */; };
		2F0DCAB02171E28500B54B55 /* main.m in Sources */ = {isa = PBXBuildFile; fileRef = 2F0DCAAF2171E28500B54B55 /* main.m */; };
/* End PBXBuildFile section */

/* Begin PBXFileReference section */
		2F0DCA9D2171E28500B54B55 /* PerspectiveDemo(Layer透视效果).app */ = {isa = PBXFileReference; explicitFileType = wrapper.application; includeInIndex = 0; path = "PerspectiveDemo(Layer透视效果).app"; sourceTree = BUILT_PRODUCTS_DIR; };
		2F0DCAA02171E28500B54B55 /* AppDelegate.h */ = {isa = PBXFileReference; lastKnownFileType = sourcecode.c.h; path = AppDelegate.h; sourceTree = "<group>"; };
		2F0DCAA12171E28500B54B55 /* AppDelegate.m */ = {isa = PBXFileReference; lastKnownFileType = sourcecode.c.objc; path = AppDelegate.m; sourceTree = "<group>"; };
		2F0DCAA32171E28500B54B55 /* ViewController.h */ = {isa = PBXFileReference; lastKnownFileType = sourcecode.c.h; path = ViewController.h; sourceTree = "<group>"; };
		2F0DCAA42171E28500B54B55 /* ViewController.m */ = {isa = PBXFileReference; lastKnownFileType = sourcecode.c.objc; path = ViewController.m; sourceTree = "<group>"; };
		2F0DCAA72171E28500B54B55 /* Base */ = {isa = PBXFileReference; lastKnownFileType = file.storyboard; name = Base; path = Base.lproj/Main.storyboard; sourceTree = "<group>"; };
		2F0DCAA92171E28500B54B55 /* Assets.xcassets */ = {isa = PBXFileReference; lastKnownFileType = folder.assetcatalog; path = Assets.xcassets; sourceTree = "<group>"; };
		2F0DCAAC2171E28500B54B55 /* Base */ = {isa = PBXFileReference; lastKnownFileType = file.storyboard; name = Base; path = Base.lproj/LaunchScreen.storyboard; sourceTree = "<group>"; };
		2F0DCAAE2171E28500B54B55 /* Info.plist */ = {isa = PBXFileReference; lastKnownFileType = text.plist.xml; path = Info.plist; sourceTree = "<group>"; };
		2F0DCAAF2171E28500B54B55 /* main.m */ = {isa = PBXFileReference; lastKnownFileType = sourcecode.c.objc; path = main.m; sourceTree = "<group>"; };
/* End PBXFileReference section */

/* Begin PBXFrameworksBuildPhase section */
		2F0DCA9A2171E28500B54B55 /* Frameworks */ = {
			isa = PBXFrameworksBuildPhase;
			buildActionMask = 2147483647;
			files = (
			);
			runOnlyForDeploymentPostprocessing = 0;
		};
/* End PBXFrameworksBuildPhase section */

/* Begin PBXGroup section */
		2F0DCA942171E28500B54B55 = {
			isa = PBXGroup;
			children = (
				2F0DCA9F2171E28500B54B55 /* PerspectiveDemo(Layer透视效果) */,
				2F0DCA9E2171E28500B54B55 /* Products */,
			);
			sourceTree = "<group>";
		};
		2F0DCA9E2171E28500B54B55 /* Products */ = {
			isa = PBXGroup;
			children = (
				2F0DCA9D2171E28500B54B55 /* PerspectiveDemo(Layer透视效果).app */,
			);
			name = Products;
			sourceTree = "<group>";
		};
		2F0DCA9F2171E28500B54B55 /* PerspectiveDemo(Layer透视效果) */ = {
			isa = PBXGroup;
			children = (
				2F0DCAA02171E28500B54B55 /* AppDelegate.h */,
				2F0DCAA12171E28500B54B55 /* AppDelegate.m */,
				2F0DCAA32171E28500B54B55 /* ViewController.h */,
				2F0DCAA42171E28500B54B55 /* ViewController.m */,
				2F0DCAA62171E28500B54B55 /* Main.storyboard */,
				2F0DCAA92171E28500B54B55 /* Assets.xcassets */,
				2F0DCAAB2171E28500B54B55 /* LaunchScreen.storyboard */,
				2F0DCAAE2171E28500B54B55 /* Info.plist */,
				2F0DCAAF2171E28500B54B55 /* main.m */,
			);
			path = "PerspectiveDemo(Layer透视效果)";
			sourceTree = "<group>";
		};
/* End PBXGroup section */

/* Begin PBXNativeTarget section */
		2F0DCA9C2171E28500B54B55 /* PerspectiveDemo(Layer透视效果) */ = {
			isa = PBXNativeTarget;
			buildConfigurationList = 2F0DCAB32171E28500B54B55 /* Build configuration list for PBXNativeTarget "PerspectiveDemo(Layer透视效果)" */;
			buildPhases = (
				2F0DCA992171E28500B54B55 /* Sources */,
				2F0DCA9A2171E28500B54B55 /* Frameworks */,
				2F0DCA9B2171E28500B54B55 /* Resources */,
			);
			buildRules = (
			);
			dependencies = (
			);
			name = "PerspectiveDemo(Layer透视效果)";
			productName = "PerspectiveDemo(Layer透视效果)";
			productReference = 2F0DCA9D2171E28500B54B55 /* PerspectiveDemo(Layer透视效果).app */;
			productType = "com.apple.product-type.application";
		};
/* End PBXNativeTarget section */

/* Begin PBXProject section */
		2F0DCA952171E28500B54B55 /* Project object */ = {
			isa = PBXProject;
			attributes = {
				LastUpgradeCheck = 0920;
				ORGANIZATIONNAME = yangrui;
				TargetAttributes = {
					2F0DCA9C2171E28500B54B55 = {
						CreatedOnToolsVersion = 9.2;
						ProvisioningStyle = Automatic;
					};
				};
			};
			buildConfigurationList = 2F0DCA982171E28500B54B55 /* Build configuration list for PBXProject "PerspectiveDemo(Layer透视效果)" */;
			compatibilityVersion = "Xcode 8.0";
			developmentRegion = en;
			hasScannedForEncodings = 0;
			knownRegions = (
				en,
				Base,
			);
			mainGroup = 2F0DCA942171E28500B54B55;
			productRefGroup = 2F0DCA9E2171E28500B54B55 /* Products */;
			projectDirPath = "";
			projectRoot = "";
			targets = (
				2F0DCA9C2171E28500B54B55 /* PerspectiveDemo(Layer透视效果) */,
			);
		};
/* End PBXProject section */

/* Begin PBXResourcesBuildPhase section */
		2F0DCA9B2171E28500B54B55 /* Resources */ = {
			isa = PBXResourcesBuildPhase;
			buildActionMask = 2147483647;
			files = (
				2F0DCAAD2171E28500B54B55 /* LaunchScreen.storyboard in Resources */,
				2F0DCAAA2171E28500B54B55 /* Assets.xcassets in Resources */,
				2F0DCAA82171E28500B54B55 /* Main.storyboard in Resources */,
			);
			runOnlyForDeploymentPostprocessing = 0;
		};
/* End PBXResourcesBuildPhase section */

/* Begin PBXSourcesBuildPhase section */
		2F0DCA992171E28500B54B55 /* Sources */ = {
			isa = PBXSourcesBuildPhase;
			buildActionMask = 2147483647;
			files = (
				2F0DCAA52171E28500B54B55 /* ViewController.m in Sources */,
				2F0DCAB02171E28500B54B55 /* main.m in Sources */,
				2F0DCAA22171E28500B54B55 /* AppDelegate.m in Sources */,
			);
			runOnlyForDeploymentPostprocessing = 0;
		};
/* End PBXSourcesBuildPhase section */

/* Begin PBXVariantGroup section */
		2F0DCAA62171E28500B54B55 /* Main.storyboard */ = {
			isa = PBXVariantGroup;
			children = (
				2F0DCAA72171E28500B54B55 /* Base */,
			);
			name = Main.storyboard;
			sourceTree = "<group>";
		};
		2F0DCAAB2171E28500B54B55 /* LaunchScreen.storyboard */ = {
			isa = PBXVariantGroup;
			children = (
				2F0DCAAC2171E28500B54B55 /* Base */,
			);
			name = LaunchScreen.storyboard;
			sourceTree = "<group>";
		};
/* End PBXVariantGroup section */

/* Begin XCBuildConfiguration section */
		2F0DCAB12171E28500B54B55 /* Debug */ = {
			isa = XCBuildConfiguration;
			buildSettings = {
				ALWAYS_SEARCH_USER_PATHS = NO;
				CLANG_ANALYZER_NONNULL = YES;
				CLANG_ANALYZER_NUMBER_OBJECT_CONVERSION = YES_AGGRESSIVE;
				CLANG_CXX_LANGUAGE_STANDARD = "gnu++14";
				CLANG_CXX_LIBRARY = "libc++";
				CLANG_ENABLE_MODULES = YES;
				CLANG_ENABLE_OBJC_ARC = YES;
				CLANG_WARN_BLOCK_CAPTURE_AUTORELEASING = YES;
				CLANG_WARN_BOOL_CONVERSION = YES;
				CLANG_WARN_COMMA = YES;
				CLANG_WARN_CONSTANT_CONVERSION = YES;
				CLANG_WARN_DIRECT_OBJC_ISA_USAGE = YES_ERROR;
				CLANG_WARN_DOCUMENTATION_COMMENTS = YES;
				CLANG_WARN_EMPTY_BODY = YES;
				CLANG_WARN_ENUM_CONVERSION = YES;
				CLANG_WARN_INFINITE_RECURSION = YES;
				CLANG_WARN_INT_CONVERSION = YES;
				CLANG_WARN_NON_LITERAL_NULL_CONVERSION = YES;
				CLANG_WARN_OBJC_LITERAL_CONVERSION = YES;
				CLANG_WARN_OBJC_ROOT_CLASS = YES_ERROR;
				CLANG_WARN_RANGE_LOOP_ANALYSIS = YES;
				CLANG_WARN_STRICT_PROTOTYPES = YES;
				CLANG_WARN_SUSPICIOUS_MOVE = YES;
				CLANG_WARN_UNGUARDED_AVAILABILITY = YES_AGGRESSIVE;
				CLANG_WARN_UNREACHABLE_CODE = YES;
				CLANG_WARN__DUPLICATE_METHOD_MATCH = YES;
				CODE_SIGN_IDENTITY = "iPhone Developer";
				COPY_PHASE_STRIP = NO;
				DEBUG_INFORMATION_FORMAT = dwarf;
				ENABLE_STRICT_OBJC_MSGSEND = YES;
				ENABLE_TESTABILITY = YES;
				GCC_C_LANGUAGE_STANDARD = gnu11;
				GCC_DYNAMIC_NO_PIC = NO;
				GCC_NO_COMMON_BLOCKS = YES;
				GCC_OPTIMIZATION_LEVEL = 0;
				GCC_PREPROCESSOR_DEFINITIONS = (
					"DEBUG=1",
					"$(inherited)",
				);
				GCC_WARN_64_TO_32_BIT_CONVERSION = YES;
				GCC_WARN_ABOUT_RETURN_TYPE = YES_ERROR;
				GCC_WARN_UNDECLARED_SELECTOR = YES;
				GCC_WARN_UNINITIALIZED_AUTOS = YES_AGGRESSIVE;
				GCC_WARN_UNUSED_FUNCTION = YES;
				GCC_WARN_UNUSED_VARIABLE = YES;
				IPHONEOS_DEPLOYMENT_TARGET = 11.2;
				MTL_ENABLE_DEBUG_INFO = YES;
				ONLY_ACTIVE_ARCH = YES;
				SDKROOT = iphoneos;
			};
			name = Debug;
		};
		2F0DCAB22171E28500B54B55 /* Release */ = {
			isa = XCBuildConfiguration;
			buildSettings = {
				ALWAYS_SEARCH_USER_PATHS = NO;
				CLANG_ANALYZER_NONNULL = YES;
				CLANG_ANALYZER_NUMBER_OBJECT_CONVERSION = YES_AGGRESSIVE;
				CLANG_CXX_LANGUAGE_STANDARD = "gnu++14";
				CLANG_CXX_LIBRARY = "libc++";
				CLANG_ENABLE_MODULES = YES;
				CLANG_ENABLE_OBJC_ARC = YES;
				CLANG_WARN_BLOCK_CAPTURE_AUTORELEASING = YES;
				CLANG_WARN_BOOL_CONVERSION = YES;
				CLANG_WARN_COMMA = YES;
				CLANG_WARN_CONSTANT_CONVERSION = YES;
				CLANG_WARN_DIRECT_OBJC_ISA_USAGE = YES_ERROR;
				CLANG_WARN_DOCUMENTATION_COMMENTS = YES;
				CLANG_WARN_EMPTY_BODY = YES;
				CLANG_WARN_ENUM_CONVERSION = YES;
				CLANG_WARN_INFINITE_RECURSION = YES;
				CLANG_WARN_INT_CONVERSION = YES;
				CLANG_WARN_NON_LITERAL_NULL_CONVERSION = YES;
				CLANG_WARN_OBJC_LITERAL_CONVERSION = YES;
				CLANG_WARN_OBJC_ROOT_CLASS = YES_ERROR;
				CLANG_WARN_RANGE_LOOP_ANALYSIS = YES;
				CLANG_WARN_STRICT_PROTOTYPES = YES;
				CLANG_WARN_SUSPICIOUS_MOVE = YES;
				CLANG_WARN_UNGUARDED_AVAILABILITY = YES_AGGRESSIVE;
				CLANG_WARN_UNREACHABLE_CODE = YES;
				CLANG_WARN__DUPLICATE_METHOD_MATCH = YES;
				CODE_SIGN_IDENTITY = "iPhone Developer";
				COPY_PHASE_STRIP = NO;
				DEBUG_INFORMATION_FORMAT = "dwarf-with-dsym";
				ENABLE_NS_ASSERTIONS = NO;
				ENABLE_STRICT_OBJC_MSGSEND = YES;
				GCC_C_LANGUAGE_STANDARD = gnu11;
				GCC_NO_COMMON_BLOCKS = YES;
				GCC_WARN_64_TO_32_BIT_CONVERSION = YES;
				GCC_WARN_ABOUT_RETURN_TYPE = YES_ERROR;
				GCC_WARN_UNDECLARED_SELECTOR = YES;
				GCC_WARN_UNINITIALIZED_AUTOS = YES_AGGRESSIVE;
				GCC_WARN_UNUSED_FUNCTION = YES;
				GCC_WARN_UNUSED_VARIABLE = YES;
				IPHONEOS_DEPLOYMENT_TARGET = 11.2;
				MTL_ENABLE_DEBUG_INFO = NO;
				SDKROOT = iphoneos;
				VALIDATE_PRODUCT = YES;
			};
			name = Release;
		};
		2F0DCAB42171E28500B54B55 /* Debug */ = {
			isa = XCBuildConfiguration;
			buildSettings = {
				ASSETCATALOG_COMPILER_APPICON_NAME = AppIcon;
				CODE_SIGN_STYLE = Automatic;
				INFOPLIST_FILE = "PerspectiveDemo(Layer透视效果)/Info.plist";
				LD_RUNPATH_SEARCH_PATHS = "$(inherited) @executable_path/Frameworks";
				PRODUCT_BUNDLE_IDENTIFIER = "yr.PerspectiveDemo-Layer-----";
				PRODUCT_NAME = "$(TARGET_NAME)";
				TARGETED_DEVICE_FAMILY = "1,2";
			};
			name = Debug;
		};
		2F0DCAB52171E28500B54B55 /* Release */ = {
			isa = XCBuildConfiguration;
			buildSettings = {
				ASSETCATALOG_COMPILER_APPICON_NAME = AppIcon;
				CODE_SIGN_STYLE = Automatic;
				INFOPLIST_FILE = "PerspectiveDemo(Layer透视效果)/Info.plist";
				LD_RUNPATH_SEARCH_PATHS = "$(inherited) @executable_path/Frameworks";
				PRODUCT_BUNDLE_IDENTIFIER = "yr.PerspectiveDemo-Layer-----";
				PRODUCT_NAME = "$(TARGET_NAME)";
				TARGETED_DEVICE_FAMILY = "1,2";
			};
			name = Release;
		};
/* End XCBuildConfiguration section */

/* Begin XCConfigurationList section */
		2F0DCA982171E28500B54B55 /* Build configuration list for PBXProject "PerspectiveDemo(Layer透视效果)" */ = {
			isa = XCConfigurationList;
			buildConfigurations = (
				2F0DCAB12171E28500B54B55 /* Debug */,
				2F0DCAB22171E28500B54B55 /* Release */,
			);
			defaultConfigurationIsVisible = 0;
			defaultConfigurationName = Release;
		};
		2F0DCAB32171E28500B54B55 /* Build configuration list for PBXNativeTarget "PerspectiveDemo(Layer透视效果)" */ = {
			isa = XCConfigurationList;
			buildConfigurations = (
				2F0DCAB42171E28500B54B55 /* Debug */,
				2F0DCAB52171E28500B54B55 /* Release */,
			);
			defaultConfigurationIsVisible = 0;
			defaultConfigurationName = Release;
		};
/* End XCConfigurationList section */
	};
	rootObject = 2F0DCA952171E28500B54B55 /* Project object */;
}
